{
  "name": "@mytask/api-contract",
  "version": "1.0.0-draft",
  "lockfileVersion": 3,
  "requires": true,
  "packages": {
    "": {
      "name": "@mytask/api-contract",
      "version": "1.0.0-draft",
      "devDependencies": {
        "@redocly/cli": "2.55.0",
        "yaml": "2.8.1"
      }
    },
    "node_modules/@redocly/cli": {
      "version": "2.55.0",
      "resolved": "https://registry.npmjs.org/@redocly/cli/-/cli-2.55.0.tgz",
      "integrity": "sha512-YKDNfgv7hHsbWeudSLw8CQumX8LZeztdBht82yfFZLIg62BL6srKBzM0SIG+Ct+cnkHfkM0jzJ7OSP0I62W53Q==",
      "dev": true,
      "license": "MIT",
      "bin": {
        "openapi": "bin/cli.js",
        "redocly": "bin/cli.js"
      },
      "engines": {
        "node": ">=22.12.0 || >=20.19.0 <21.0.0",
        "npm": ">=10"
      }
    },
    "node_modules/yaml": {
      "version": "2.8.1",
      "resolved": "https://registry.npmjs.org/yaml/-/yaml-2.8.1.tgz",
      "integrity": "sha512-lcYcMxX2PO9XMGvAJkJ3OsNMw+/7FKes7/hgerGUYWIoWu5j/+YQqcZr5JnPZWzOsEBgMbSbiSTn/dv/69Mkpw==",
      "dev": true,
      "license": "ISC",
      "bin": {
        "yaml": "bin.mjs"
      },
      "engines": {
        "node": ">= 14.6"
      }
    }
  }
}
